
Microsoft Visual Studio Solution File, Format Version 12.00
# Visual Studio Version 17
VisualStudioVersion = 17.13.35931.197 d17.13
MinimumVisualStudioVersion = 10.0.40219.1
Project("{FAE04EC0-301F-11D3-BF4B-00C04F79EFBC}") = "webapp", "webapp\webapp.csproj", "{E7A4E649-37B7-444E-9BF6-A0E6A5946856}"
EndProject
Global
	GlobalSection(SolutionConfigurationPlatforms) = preSolution
		Debug|Any CPU = Debug|Any CPU
		Release|Any CPU = Release|Any CPU
	EndGlobalSection
	GlobalSection(ProjectConfigurationPlatforms) = postSolution
		{E7A4E649-37B7-444E-9BF6-A0E6A5946856}.Debug|Any CPU.ActiveCfg = Debug|Any CPU
		{E7A4E649-37B7-444E-9BF6-A0E6A5946856}.Debug|Any CPU.Build.0 = Debug|Any CPU
		{E7A4E649-37B7-444E-9BF6-A0E6A5946856}.Release|Any CPU.ActiveCfg = Release|Any CPU
		{E7A4E649-37B7-444E-9BF6-A0E6A5946856}.Release|Any CPU.Build.0 = Release|Any CPU
	EndGlobalSection
	GlobalSection(SolutionProperties) = preSolution
		HideSolutionNode = FALSE
	EndGlobalSection
	GlobalSection(ExtensibilityGlobals) = postSolution
		SolutionGuid = {7324647E-0A9C-4456-8D3C-3E1FF6C7A14A}
	EndGlobalSection
EndGlobal
